
Microsoft Visual Studio Solution File, Format Version 12.00
# Visual Studio 15
VisualStudioVersion = 15.0.28307.1831
MinimumVisualStudioVersion = 10.0.40219.1
Project("{8BC9CEB8-8B4A-11D0-8D11-00A0C91BC942}") = "14주차 과제", "14주차 과제\14주차 과제.vcxproj", "{8DD1142A-AEDB-411A-831E-9AC789FE5410}"
EndProject
Global
	GlobalSection(SolutionConfigurationPlatforms) = preSolution
		Debug|x64 = Debug|x64
		Debug|x86 = Debug|x86
		Release|x64 = Release|x64
		Release|x86 = Release|x86
	EndGlobalSection
	GlobalSection(ProjectConfigurationPlatforms) = postSolution
		{8DD1142A-AEDB-411A-831E-9AC789FE5410}.Debug|x64.ActiveCfg = Debug|x64
		{8DD1142A-AEDB-411A-831E-9AC789FE5410}.Debug|x64.Build.0 = Debug|x64
		{8DD1142A-AEDB-411A-831E-9AC789FE5410}.Debug|x86.ActiveCfg = Debug|Win32
		{8DD1142A-AEDB-411A-831E-9AC789FE5410}.Debug|x86.Build.0 = Debug|Win32
		{8DD1142A-AEDB-411A-831E-9AC789FE5410}.Release|x64.ActiveCfg = Release|x64
		{8DD1142A-AEDB-411A-831E-9AC789FE5410}.Release|x64.Build.0 = Release|x64
		{8DD1142A-AEDB-411A-831E-9AC789FE5410}.Release|x86.ActiveCfg = Release|Win32
		{8DD1142A-AEDB-411A-831E-9AC789FE5410}.Release|x86.Build.0 = Release|Win32
	EndGlobalSection
	GlobalSection(SolutionProperties) = preSolution
		HideSolutionNode = FALSE
	EndGlobalSection
	GlobalSection(ExtensibilityGlobals) = postSolution
		SolutionGuid = {8DCE8743-63FB-444A-8D32-ECC9179C1C0C}
	EndGlobalSection
EndGlobal
