
Microsoft Visual Studio Solution File, Format Version 12.00
# Visual Studio 15
VisualStudioVersion = 15.0.28307.1831
MinimumVisualStudioVersion = 10.0.40219.1
Project("{8BC9CEB8-8B4A-11D0-8D11-00A0C91BC942}") = "PrWORK", "PrWORK\PrWORK.vcxproj", "{7ADAB039-01E2-47B0-84F6-4C8586496DCF}"
EndProject
Global
	GlobalSection(SolutionConfigurationPlatforms) = preSolution
		Debug|x64 = Debug|x64
		Debug|x86 = Debug|x86
		Release|x64 = Release|x64
		Release|x86 = Release|x86
	EndGlobalSection
	GlobalSection(ProjectConfigurationPlatforms) = postSolution
		{7ADAB039-01E2-47B0-84F6-4C8586496DCF}.Debug|x64.ActiveCfg = Debug|x64
		{7ADAB039-01E2-47B0-84F6-4C8586496DCF}.Debug|x64.Build.0 = Debug|x64
		{7ADAB039-01E2-47B0-84F6-4C8586496DCF}.Debug|x86.ActiveCfg = Debug|Win32
		{7ADAB039-01E2-47B0-84F6-4C8586496DCF}.Debug|x86.Build.0 = Debug|Win32
		{7ADAB039-01E2-47B0-84F6-4C8586496DCF}.Release|x64.ActiveCfg = Release|x64
		{7ADAB039-01E2-47B0-84F6-4C8586496DCF}.Release|x64.Build.0 = Release|x64
		{7ADAB039-01E2-47B0-84F6-4C8586496DCF}.Release|x86.ActiveCfg = Release|Win32
		{7ADAB039-01E2-47B0-84F6-4C8586496DCF}.Release|x86.Build.0 = Release|Win32
	EndGlobalSection
	GlobalSection(SolutionProperties) = preSolution
		HideSolutionNode = FALSE
	EndGlobalSection
	GlobalSection(ExtensibilityGlobals) = postSolution
		SolutionGuid = {2A0642A2-4535-4D8A-B54E-FC5E20E1FBA5}
	EndGlobalSection
EndGlobal
