
Microsoft Visual Studio Solution File, Format Version 12.00
# Visual Studio 15
VisualStudioVersion = 15.0.28307.1831
MinimumVisualStudioVersion = 10.0.40219.1
Project("{8BC9CEB8-8B4A-11D0-8D11-00A0C91BC942}") = "14주차  ASSIGNEMENT", "14주차  ASSIGNEMENT\14주차  ASSIGNEMENT.vcxproj", "{6508073F-112B-440F-B601-2E57A72EBBA2}"
EndProject
Global
	GlobalSection(SolutionConfigurationPlatforms) = preSolution
		Debug|x64 = Debug|x64
		Debug|x86 = Debug|x86
		Release|x64 = Release|x64
		Release|x86 = Release|x86
	EndGlobalSection
	GlobalSection(ProjectConfigurationPlatforms) = postSolution
		{6508073F-112B-440F-B601-2E57A72EBBA2}.Debug|x64.ActiveCfg = Debug|x64
		{6508073F-112B-440F-B601-2E57A72EBBA2}.Debug|x64.Build.0 = Debug|x64
		{6508073F-112B-440F-B601-2E57A72EBBA2}.Debug|x86.ActiveCfg = Debug|Win32
		{6508073F-112B-440F-B601-2E57A72EBBA2}.Debug|x86.Build.0 = Debug|Win32
		{6508073F-112B-440F-B601-2E57A72EBBA2}.Release|x64.ActiveCfg = Release|x64
		{6508073F-112B-440F-B601-2E57A72EBBA2}.Release|x64.Build.0 = Release|x64
		{6508073F-112B-440F-B601-2E57A72EBBA2}.Release|x86.ActiveCfg = Release|Win32
		{6508073F-112B-440F-B601-2E57A72EBBA2}.Release|x86.Build.0 = Release|Win32
	EndGlobalSection
	GlobalSection(SolutionProperties) = preSolution
		HideSolutionNode = FALSE
	EndGlobalSection
	GlobalSection(ExtensibilityGlobals) = postSolution
		SolutionGuid = {9B3A5AC6-3D16-44A8-ABA2-75914FB18C16}
	EndGlobalSection
EndGlobal
